
Microsoft Visual Studio Solution File, Format Version 12.00
# Visual Studio Version 17
VisualStudioVersion = 17.7.34031.279
MinimumVisualStudioVersion = 10.0.40219.1
Project("{FAE04EC0-301F-11D3-BF4B-00C04F79EFBC}") = "ConsoleWarrior", "ConsoleWarrior\ConsoleWarrior.csproj", "{6768CA87-B9F1-4B0C-810C-D7C4A91FF225}"
EndProject
Global
	GlobalSection(SolutionConfigurationPlatforms) = preSolution
		Debug|Any CPU = Debug|Any CPU
		Release|Any CPU = Release|Any CPU
	EndGlobalSection
	GlobalSection(ProjectConfigurationPlatforms) = postSolution
		{6768CA87-B9F1-4B0C-810C-D7C4A91FF225}.Debug|Any CPU.ActiveCfg = Debug|Any CPU
		{6768CA87-B9F1-4B0C-810C-D7C4A91FF225}.Debug|Any CPU.Build.0 = Debug|Any CPU
		{6768CA87-B9F1-4B0C-810C-D7C4A91FF225}.Release|Any CPU.ActiveCfg = Release|Any CPU
		{6768CA87-B9F1-4B0C-810C-D7C4A91FF225}.Release|Any CPU.Build.0 = Release|Any CPU
	EndGlobalSection
	GlobalSection(SolutionProperties) = preSolution
		HideSolutionNode = FALSE
	EndGlobalSection
	GlobalSection(ExtensibilityGlobals) = postSolution
		SolutionGuid = {3C4EF0B1-B256-4722-BDA6-DA38DF0C09AA}
	EndGlobalSection
EndGlobal
